
Microsoft Visual Studio Solution File, Format Version 11.00
# Visual Studio 2010
Project("{FAE04EC0-301F-11D3-BF4B-00C04F79EFBC}") = "Assembly-CSharp", "Assembly-CSharp.csproj", "{4f5c09ee-47fe-0c24-9db2-f7422d4705a0}"
EndProject
Project("{FAE04EC0-301F-11D3-BF4B-00C04F79EFBC}") = "Assembly-CSharp-firstpass", "Assembly-CSharp-firstpass.csproj", "{180eec07-060b-fb76-4568-cc65abb06516}"
EndProject
Project("{FAE04EC0-301F-11D3-BF4B-00C04F79EFBC}") = "Assembly-CSharp-Editor", "Assembly-CSharp-Editor.csproj", "{388e4fbc-4a02-490e-1911-8e8535c3ac82}"
EndProject
Global
	GlobalSection(SolutionConfigurationPlatforms) = preSolution
		Debug|Any CPU = Debug|Any CPU
	EndGlobalSection
	GlobalSection(ProjectConfigurationPlatforms) = postSolution
		{4f5c09ee-47fe-0c24-9db2-f7422d4705a0}.Debug|Any CPU.ActiveCfg = Debug|Any CPU
		{4f5c09ee-47fe-0c24-9db2-f7422d4705a0}.Debug|Any CPU.Build.0 = Debug|Any CPU
		{180eec07-060b-fb76-4568-cc65abb06516}.Debug|Any CPU.ActiveCfg = Debug|Any CPU
		{180eec07-060b-fb76-4568-cc65abb06516}.Debug|Any CPU.Build.0 = Debug|Any CPU
		{388e4fbc-4a02-490e-1911-8e8535c3ac82}.Debug|Any CPU.ActiveCfg = Debug|Any CPU
		{388e4fbc-4a02-490e-1911-8e8535c3ac82}.Debug|Any CPU.Build.0 = Debug|Any CPU
	EndGlobalSection
	GlobalSection(SolutionProperties) = preSolution
		HideSolutionNode = FALSE
	EndGlobalSection
EndGlobal
